
Microsoft Visual Studio Solution File, Format Version 12.00
# Visual Studio Version 17
VisualStudioVersion = 17.10.35013.160
MinimumVisualStudioVersion = 10.0.40219.1
Project("{FAE04EC0-301F-11D3-BF4B-00C04F79EFBC}") = "Domain", "Domain\Domain.csproj", "{5BB5D9BA-E860-4606-B72D-08BF97243105}"
EndProject
Project("{FAE04EC0-301F-11D3-BF4B-00C04F79EFBC}") = "Infra", "Infra\Infra.csproj", "{7CA813AE-73FA-4F3B-872B-D5053B3A9D29}"
EndProject
Project("{FAE04EC0-301F-11D3-BF4B-00C04F79EFBC}") = "Api", "Api\Api.csproj", "{38BA8E30-AFCA-4270-88E6-B081C3F59C22}"
EndProject
Global
	GlobalSection(SolutionConfigurationPlatforms) = preSolution
		Debug|Any CPU = Debug|Any CPU
		Release|Any CPU = Release|Any CPU
	EndGlobalSection
	GlobalSection(ProjectConfigurationPlatforms) = postSolution
		{5BB5D9BA-E860-4606-B72D-08BF97243105}.Debug|Any CPU.ActiveCfg = Debug|Any CPU
		{5BB5D9BA-E860-4606-B72D-08BF97243105}.Debug|Any CPU.Build.0 = Debug|Any CPU
		{5BB5D9BA-E860-4606-B72D-08BF97243105}.Release|Any CPU.ActiveCfg = Release|Any CPU
		{5BB5D9BA-E860-4606-B72D-08BF97243105}.Release|Any CPU.Build.0 = Release|Any CPU
		{7CA813AE-73FA-4F3B-872B-D5053B3A9D29}.Debug|Any CPU.ActiveCfg = Debug|Any CPU
		{7CA813AE-73FA-4F3B-872B-D5053B3A9D29}.Debug|Any CPU.Build.0 = Debug|Any CPU
		{7CA813AE-73FA-4F3B-872B-D5053B3A9D29}.Release|Any CPU.ActiveCfg = Release|Any CPU
		{7CA813AE-73FA-4F3B-872B-D5053B3A9D29}.Release|Any CPU.Build.0 = Release|Any CPU
		{38BA8E30-AFCA-4270-88E6-B081C3F59C22}.Debug|Any CPU.ActiveCfg = Debug|Any CPU
		{38BA8E30-AFCA-4270-88E6-B081C3F59C22}.Debug|Any CPU.Build.0 = Debug|Any CPU
		{38BA8E30-AFCA-4270-88E6-B081C3F59C22}.Release|Any CPU.ActiveCfg = Release|Any CPU
		{38BA8E30-AFCA-4270-88E6-B081C3F59C22}.Release|Any CPU.Build.0 = Release|Any CPU
	EndGlobalSection
	GlobalSection(SolutionProperties) = preSolution
		HideSolutionNode = FALSE
	EndGlobalSection
	GlobalSection(ExtensibilityGlobals) = postSolution
		SolutionGuid = {6D56DF36-DA65-4D59-B8C9-40AD99D483C1}
	EndGlobalSection
EndGlobal
